// !$*UTF8*$!
{
	archiveVersion = 1;
	classes = {
	};
	objectVersion = 50;
	objects = {

/* Begin PBXBuildFile section */
		6228D45220CA84200031E173 /* AppDelegate.swift in Sources */ = {isa = PBXBuildFile; fileRef = 6228D45120CA84200031E173 /* AppDelegate.swift */; };
		6228D45420CA84200031E173 /* ViewController.swift in Sources */ = {isa = PBXBuildFile; fileRef = 6228D45320CA84200031E173 /* ViewController.swift */; };
		6228D45720CA84200031E173 /* Main.storyboard in Resources */ = {isa = PBXBuildFile; fileRef = 6228D45520CA84200031E173 /* Main.storyboard */; };
		6228D45920CA84270031E173 /* Assets.xcassets in Resources */ = {isa = PBXBuildFile; fileRef = 6228D45820CA84270031E173 /* Assets.xcassets */; };
		6228D45C20CA84270031E173 /* LaunchScreen.storyboard in Resources */ = {isa = PBXBuildFile; fileRef = 6228D45A20CA84270031E173 /* LaunchScreen.storyboard */; };
		6228D46720CA84280031E173 /* hairetu_____Tests.swift in Sources */ = {isa = PBXBuildFile; fileRef = 6228D46620CA84280031E173 /* hairetu_____Tests.swift */; };
		6228D47220CA84280031E173 /* hairetu_____UITests.swift in Sources */ = {isa = PBXBuildFile; fileRef = 6228D47120CA84280031E173 /* hairetu_____UITests.swift */; };
/* End PBXBuildFile section */

/* Begin PBXContainerItemProxy section */
		6228D46320CA84270031E173 /* PBXContainerItemProxy */ = {
			isa = PBXContainerItemProxy;
			containerPortal = 6228D44620CA841F0031E173 /* Project object */;
			proxyType = 1;
			remoteGlobalIDString = 6228D44D20CA84200031E173;
			remoteInfo = "hairetu_追加課題";
		};
		6228D46E20CA84280031E173 /* PBXContainerItemProxy */ = {
			isa = PBXContainerItemProxy;
			containerPortal = 6228D44620CA841F0031E173 /* Project object */;
			proxyType = 1;
			remoteGlobalIDString = 6228D44D20CA84200031E173;
			remoteInfo = "hairetu_追加課題";
		};
/* End PBXContainerItemProxy section */

/* Begin PBXFileReference section */
		6228D44E20CA84200031E173 /* hairetu_追加課題.app */ = {isa = PBXFileReference; explicitFileType = wrapper.application; includeInIndex = 0; path = "hairetu_追加課題.app"; sourceTree = BUILT_PRODUCTS_DIR; };
		6228D45120CA84200031E173 /* AppDelegate.swift */ = {isa = PBXFileReference; lastKnownFileType = sourcecode.swift; path = AppDelegate.swift; sourceTree = "<group>"; };
		6228D45320CA84200031E173 /* ViewController.swift */ = {isa = PBXFileReference; lastKnownFileType = sourcecode.swift; path = ViewController.swift; sourceTree = "<group>"; };
		6228D45620CA84200031E173 /* Base */ = {isa = PBXFileReference; lastKnownFileType = file.storyboard; name = Base; path = Base.lproj/Main.storyboard; sourceTree = "<group>"; };
		6228D45820CA84270031E173 /* Assets.xcassets */ = {isa = PBXFileReference; lastKnownFileType = folder.assetcatalog; path = Assets.xcassets; sourceTree = "<group>"; };
		6228D45B20CA84270031E173 /* Base */ = {isa = PBXFileReference; lastKnownFileType = file.storyboard; name = Base; path = Base.lproj/LaunchScreen.storyboard; sourceTree = "<group>"; };
		6228D45D20CA84270031E173 /* Info.plist */ = {isa = PBXFileReference; lastKnownFileType = text.plist.xml; path = Info.plist; sourceTree = "<group>"; };
		6228D46220CA84270031E173 /* hairetu_追加課題Tests.xctest */ = {isa = PBXFileReference; explicitFileType = wrapper.cfbundle; includeInIndex = 0; path = "hairetu_追加課題Tests.xctest"; sourceTree = BUILT_PRODUCTS_DIR; };
		6228D46620CA84280031E173 /* hairetu_____Tests.swift */ = {isa = PBXFileReference; lastKnownFileType = sourcecode.swift; path = "hairetu_____Tests.swift"; sourceTree = "<group>"; };
		6228D46820CA84280031E173 /* Info.plist */ = {isa = PBXFileReference; lastKnownFileType = text.plist.xml; path = Info.plist; sourceTree = "<group>"; };
		6228D46D20CA84280031E173 /* hairetu_追加課題UITests.xctest */ = {isa = PBXFileReference; explicitFileType = wrapper.cfbundle; includeInIndex = 0; path = "hairetu_追加課題UITests.xctest"; sourceTree = BUILT_PRODUCTS_DIR; };
		6228D47120CA84280031E173 /* hairetu_____UITests.swift */ = {isa = PBXFileReference; lastKnownFileType = sourcecode.swift; path = "hairetu_____UITests.swift"; sourceTree = "<group>"; };
		6228D47320CA84280031E173 /* Info.plist */ = {isa = PBXFileReference; lastKnownFileType = text.plist.xml; path = Info.plist; sourceTree = "<group>"; };
/* End PBXFileReference section */

/* Begin PBXFrameworksBuildPhase section */
		6228D44B20CA84200031E173 /* Frameworks */ = {
			isa = PBXFrameworksBuildPhase;
			buildActionMask = 2147483647;
			files = (
			);
			runOnlyForDeploymentPostprocessing = 0;
		};
		6228D45F20CA84270031E173 /* Frameworks */ = {
			isa = PBXFrameworksBuildPhase;
			buildActionMask = 2147483647;
			files = (
			);
			runOnlyForDeploymentPostprocessing = 0;
		};
		6228D46A20CA84280031E173 /* Frameworks */ = {
			isa = PBXFrameworksBuildPhase;
			buildActionMask = 2147483647;
			files = (
			);
			runOnlyForDeploymentPostprocessing = 0;
		};
/* End PBXFrameworksBuildPhase section */

/* Begin PBXGroup section */
		6228D44520CA841F0031E173 = {
			isa = PBXGroup;
			children = (
				6228D45020CA84200031E173 /* hairetu_追加課題 */,
				6228D46520CA84270031E173 /* hairetu_追加課題Tests */,
				6228D47020CA84280031E173 /* hairetu_追加課題UITests */,
				6228D44F20CA84200031E173 /* Products */,
			);
			sourceTree = "<group>";
		};
		6228D44F20CA84200031E173 /* Products */ = {
			isa = PBXGroup;
			children = (
				6228D44E20CA84200031E173 /* hairetu_追加課題.app */,
				6228D46220CA84270031E173 /* hairetu_追加課題Tests.xctest */,
				6228D46D20CA84280031E173 /* hairetu_追加課題UITests.xctest */,
			);
			name = Products;
			sourceTree = "<group>";
		};
		6228D45020CA84200031E173 /* hairetu_追加課題 */ = {
			isa = PBXGroup;
			children = (
				6228D45120CA84200031E173 /* AppDelegate.swift */,
				6228D45320CA84200031E173 /* ViewController.swift */,
				6228D45520CA84200031E173 /* Main.storyboard */,
				6228D45820CA84270031E173 /* Assets.xcassets */,
				6228D45A20CA84270031E173 /* LaunchScreen.storyboard */,
				6228D45D20CA84270031E173 /* Info.plist */,
			);
			path = "hairetu_追加課題";
			sourceTree = "<group>";
		};
		6228D46520CA84270031E173 /* hairetu_追加課題Tests */ = {
			isa = PBXGroup;
			children = (
				6228D46620CA84280031E173 /* hairetu_____Tests.swift */,
				6228D46820CA84280031E173 /* Info.plist */,
			);
			path = "hairetu_追加課題Tests";
			sourceTree = "<group>";
		};
		6228D47020CA84280031E173 /* hairetu_追加課題UITests */ = {
			isa = PBXGroup;
			children = (
				6228D47120CA84280031E173 /* hairetu_____UITests.swift */,
				6228D47320CA84280031E173 /* Info.plist */,
			);
			path = "hairetu_追加課題UITests";
			sourceTree = "<group>";
		};
/* End PBXGroup section */

/* Begin PBXNativeTarget section */
		6228D44D20CA84200031E173 /* hairetu_追加課題 */ = {
			isa = PBXNativeTarget;
			buildConfigurationList = 6228D47620CA84280031E173 /* Build configuration list for PBXNativeTarget "hairetu_追加課題" */;
			buildPhases = (
				6228D44A20CA84200031E173 /* Sources */,
				6228D44B20CA84200031E173 /* Frameworks */,
				6228D44C20CA84200031E173 /* Resources */,
			);
			buildRules = (
			);
			dependencies = (
			);
			name = "hairetu_追加課題";
			productName = "hairetu_追加課題";
			productReference = 6228D44E20CA84200031E173 /* hairetu_追加課題.app */;
			productType = "com.apple.product-type.application";
		};
		6228D46120CA84270031E173 /* hairetu_追加課題Tests */ = {
			isa = PBXNativeTarget;
			buildConfigurationList = 6228D47920CA84280031E173 /* Build configuration list for PBXNativeTarget "hairetu_追加課題Tests" */;
			buildPhases = (
				6228D45E20CA84270031E173 /* Sources */,
				6228D45F20CA84270031E173 /* Frameworks */,
				6228D46020CA84270031E173 /* Resources */,
			);
			buildRules = (
			);
			dependencies = (
				6228D46420CA84270031E173 /* PBXTargetDependency */,
			);
			name = "hairetu_追加課題Tests";
			productName = "hairetu_追加課題Tests";
			productReference = 6228D46220CA84270031E173 /* hairetu_追加課題Tests.xctest */;
			productType = "com.apple.product-type.bundle.unit-test";
		};
		6228D46C20CA84280031E173 /* hairetu_追加課題UITests */ = {
			isa = PBXNativeTarget;
			buildConfigurationList = 6228D47C20CA84280031E173 /* Build configuration list for PBXNativeTarget "hairetu_追加課題UITests" */;
			buildPhases = (
				6228D46920CA84280031E173 /* Sources */,
				6228D46A20CA84280031E173 /* Frameworks */,
				6228D46B20CA84280031E173 /* Resources */,
			);
			buildRules = (
			);
			dependencies = (
				6228D46F20CA84280031E173 /* PBXTargetDependency */,
			);
			name = "hairetu_追加課題UITests";
			productName = "hairetu_追加課題UITests";
			productReference = 6228D46D20CA84280031E173 /* hairetu_追加課題UITests.xctest */;
			productType = "com.apple.product-type.bundle.ui-testing";
		};
/* End PBXNativeTarget section */

/* Begin PBXProject section */
		6228D44620CA841F0031E173 /* Project object */ = {
			isa = PBXProject;
			attributes = {
				LastSwiftUpdateCheck = 0930;
				LastUpgradeCheck = 0930;
				ORGANIZATIONNAME = "阿部一真";
				TargetAttributes = {
					6228D44D20CA84200031E173 = {
						CreatedOnToolsVersion = 9.3;
					};
					6228D46120CA84270031E173 = {
						CreatedOnToolsVersion = 9.3;
						TestTargetID = 6228D44D20CA84200031E173;
					};
					6228D46C20CA84280031E173 = {
						CreatedOnToolsVersion = 9.3;
						TestTargetID = 6228D44D20CA84200031E173;
					};
				};
			};
			buildConfigurationList = 6228D44920CA84200031E173 /* Build configuration list for PBXProject "hairetu_追加課題" */;
			compatibilityVersion = "Xcode 9.3";
			developmentRegion = en;
			hasScannedForEncodings = 0;
			knownRegions = (
				en,
				Base,
			);
			mainGroup = 6228D44520CA841F0031E173;
			productRefGroup = 6228D44F20CA84200031E173 /* Products */;
			projectDirPath = "";
			projectRoot = "";
			targets = (
				6228D44D20CA84200031E173 /* hairetu_追加課題 */,
				6228D46120CA84270031E173 /* hairetu_追加課題Tests */,
				6228D46C20CA84280031E173 /* hairetu_追加課題UITests */,
			);
		};
/* End PBXProject section */

/* Begin PBXResourcesBuildPhase section */
		6228D44C20CA84200031E173 /* Resources */ = {
			isa = PBXResourcesBuildPhase;
			buildActionMask = 2147483647;
			files = (
				6228D45C20CA84270031E173 /* LaunchScreen.storyboard in Resources */,
				6228D45920CA84270031E173 /* Assets.xcassets in Resources */,
				6228D45720CA84200031E173 /* Main.storyboard in Resources */,
			);
			runOnlyForDeploymentPostprocessing = 0;
		};
		6228D46020CA84270031E173 /* Resources */ = {
			isa = PBXResourcesBuildPhase;
			buildActionMask = 2147483647;
			files = (
			);
			runOnlyForDeploymentPostprocessing = 0;
		};
		6228D46B20CA84280031E173 /* Resources */ = {
			isa = PBXResourcesBuildPhase;
			buildActionMask = 2147483647;
			files = (
			);
			runOnlyForDeploymentPostprocessing = 0;
		};
/* End PBXResourcesBuildPhase section */

/* Begin PBXSourcesBuildPhase section */
		6228D44A20CA84200031E173 /* Sources */ = {
			isa = PBXSourcesBuildPhase;
			buildActionMask = 2147483647;
			files = (
				6228D45420CA84200031E173 /* ViewController.swift in Sources */,
				6228D45220CA84200031E173 /* AppDelegate.swift in Sources */,
			);
			runOnlyForDeploymentPostprocessing = 0;
		};
		6228D45E20CA84270031E173 /* Sources */ = {
			isa = PBXSourcesBuildPhase;
			buildActionMask = 2147483647;
			files = (
				6228D46720CA84280031E173 /* hairetu_____Tests.swift in Sources */,
			);
			runOnlyForDeploymentPostprocessing = 0;
		};
		6228D46920CA84280031E173 /* Sources */ = {
			isa = PBXSourcesBuildPhase;
			buildActionMask = 2147483647;
			files = (
				6228D47220CA84280031E173 /* hairetu_____UITests.swift in Sources */,
			);
			runOnlyForDeploymentPostprocessing = 0;
		};
/* End PBXSourcesBuildPhase section */

/* Begin PBXTargetDependency section */
		6228D46420CA84270031E173 /* PBXTargetDependency */ = {
			isa = PBXTargetDependency;
			target = 6228D44D20CA84200031E173 /* hairetu_追加課題 */;
			targetProxy = 6228D46320CA84270031E173 /* PBXContainerItemProxy */;
		};
		6228D46F20CA84280031E173 /* PBXTargetDependency */ = {
			isa = PBXTargetDependency;
			target = 6228D44D20CA84200031E173 /* hairetu_追加課題 */;
			targetProxy = 6228D46E20CA84280031E173 /* PBXContainerItemProxy */;
		};
/* End PBXTargetDependency section */

/* Begin PBXVariantGroup section */
		6228D45520CA84200031E173 /* Main.storyboard */ = {
			isa = PBXVariantGroup;
			children = (
				6228D45620CA84200031E173 /* Base */,
			);
			name = Main.storyboard;
			sourceTree = "<group>";
		};
		6228D45A20CA84270031E173 /* LaunchScreen.storyboard */ = {
			isa = PBXVariantGroup;
			children = (
				6228D45B20CA84270031E173 /* Base */,
			);
			name = LaunchScreen.storyboard;
			sourceTree = "<group>";
		};
/* End PBXVariantGroup section */

/* Begin XCBuildConfiguration section */
		6228D47420CA84280031E173 /* Debug */ = {
			isa = XCBuildConfiguration;
			buildSettings = {
				ALWAYS_SEARCH_USER_PATHS = NO;
				CLANG_ANALYZER_NONNULL = YES;
				CLANG_ANALYZER_NUMBER_OBJECT_CONVERSION = YES_AGGRESSIVE;
				CLANG_CXX_LANGUAGE_STANDARD = "gnu++14";
				CLANG_CXX_LIBRARY = "libc++";
				CLANG_ENABLE_MODULES = YES;
				CLANG_ENABLE_OBJC_ARC = YES;
				CLANG_ENABLE_OBJC_WEAK = YES;
				CLANG_WARN_BLOCK_CAPTURE_AUTORELEASING = YES;
				CLANG_WARN_BOOL_CONVERSION = YES;
				CLANG_WARN_COMMA = YES;
				CLANG_WARN_CONSTANT_CONVERSION = YES;
				CLANG_WARN_DEPRECATED_OBJC_IMPLEMENTATIONS = YES;
				CLANG_WARN_DIRECT_OBJC_ISA_USAGE = YES_ERROR;
				CLANG_WARN_DOCUMENTATION_COMMENTS = YES;
				CLANG_WARN_EMPTY_BODY = YES;
				CLANG_WARN_ENUM_CONVERSION = YES;
				CLANG_WARN_INFINITE_RECURSION = YES;
				CLANG_WARN_INT_CONVERSION = YES;
				CLANG_WARN_NON_LITERAL_NULL_CONVERSION = YES;
				CLANG_WARN_OBJC_IMPLICIT_RETAIN_SELF = YES;
				CLANG_WARN_OBJC_LITERAL_CONVERSION = YES;
				CLANG_WARN_OBJC_ROOT_CLASS = YES_ERROR;
				CLANG_WARN_RANGE_LOOP_ANALYSIS = YES;
				CLANG_WARN_STRICT_PROTOTYPES = YES;
				CLANG_WARN_SUSPICIOUS_MOVE = YES;
				CLANG_WARN_UNGUARDED_AVAILABILITY = YES_AGGRESSIVE;
				CLANG_WARN_UNREACHABLE_CODE = YES;
				CLANG_WARN__DUPLICATE_METHOD_MATCH = YES;
				CODE_SIGN_IDENTITY = "iPhone Developer";
				COPY_PHASE_STRIP = NO;
				DEBUG_INFORMATION_FORMAT = dwarf;
				ENABLE_STRICT_OBJC_MSGSEND = YES;
				ENABLE_TESTABILITY = YES;
				GCC_C_LANGUAGE_STANDARD = gnu11;
				GCC_DYNAMIC_NO_PIC = NO;
				GCC_NO_COMMON_BLOCKS = YES;
				GCC_OPTIMIZATION_LEVEL = 0;
				GCC_PREPROCESSOR_DEFINITIONS = (
					"DEBUG=1",
					"$(inherited)",
				);
				GCC_WARN_64_TO_32_BIT_CONVERSION = YES;
				GCC_WARN_ABOUT_RETURN_TYPE = YES_ERROR;
				GCC_WARN_UNDECLARED_SELECTOR = YES;
				GCC_WARN_UNINITIALIZED_AUTOS = YES_AGGRESSIVE;
				GCC_WARN_UNUSED_FUNCTION = YES;
				GCC_WARN_UNUSED_VARIABLE = YES;
				IPHONEOS_DEPLOYMENT_TARGET = 11.3;
				MTL_ENABLE_DEBUG_INFO = YES;
				ONLY_ACTIVE_ARCH = YES;
				SDKROOT = iphoneos;
				SWIFT_ACTIVE_COMPILATION_CONDITIONS = DEBUG;
				SWIFT_OPTIMIZATION_LEVEL = "-Onone";
			};
			name = Debug;
		};
		6228D47520CA84280031E173 /* Release */ = {
			isa = XCBuildConfiguration;
			buildSettings = {
				ALWAYS_SEARCH_USER_PATHS = NO;
				CLANG_ANALYZER_NONNULL = YES;
				CLANG_ANALYZER_NUMBER_OBJECT_CONVERSION = YES_AGGRESSIVE;
				CLANG_CXX_LANGUAGE_STANDARD = "gnu++14";
				CLANG_CXX_LIBRARY = "libc++";
				CLANG_ENABLE_MODULES = YES;
				CLANG_ENABLE_OBJC_ARC = YES;
				CLANG_ENABLE_OBJC_WEAK = YES;
				CLANG_WARN_BLOCK_CAPTURE_AUTORELEASING = YES;
				CLANG_WARN_BOOL_CONVERSION = YES;
				CLANG_WARN_COMMA = YES;
				CLANG_WARN_CONSTANT_CONVERSION = YES;
				CLANG_WARN_DEPRECATED_OBJC_IMPLEMENTATIONS = YES;
				CLANG_WARN_DIRECT_OBJC_ISA_USAGE = YES_ERROR;
				CLANG_WARN_DOCUMENTATION_COMMENTS = YES;
				CLANG_WARN_EMPTY_BODY = YES;
				CLANG_WARN_ENUM_CONVERSION = YES;
				CLANG_WARN_INFINITE_RECURSION = YES;
				CLANG_WARN_INT_CONVERSION = YES;
				CLANG_WARN_NON_LITERAL_NULL_CONVERSION = YES;
				CLANG_WARN_OBJC_IMPLICIT_RETAIN_SELF = YES;
				CLANG_WARN_OBJC_LITERAL_CONVERSION = YES;
				CLANG_WARN_OBJC_ROOT_CLASS = YES_ERROR;
				CLANG_WARN_RANGE_LOOP_ANALYSIS = YES;
				CLANG_WARN_STRICT_PROTOTYPES = YES;
				CLANG_WARN_SUSPICIOUS_MOVE = YES;
				CLANG_WARN_UNGUARDED_AVAILABILITY = YES_AGGRESSIVE;
				CLANG_WARN_UNREACHABLE_CODE = YES;
				CLANG_WARN__DUPLICATE_METHOD_MATCH = YES;
				CODE_SIGN_IDENTITY = "iPhone Developer";
				COPY_PHASE_STRIP = NO;
				DEBUG_INFORMATION_FORMAT = "dwarf-with-dsym";
				ENABLE_NS_ASSERTIONS = NO;
				ENABLE_STRICT_OBJC_MSGSEND = YES;
				GCC_C_LANGUAGE_STANDARD = gnu11;
				GCC_NO_COMMON_BLOCKS = YES;
				GCC_WARN_64_TO_32_BIT_CONVERSION = YES;
				GCC_WARN_ABOUT_RETURN_TYPE = YES_ERROR;
				GCC_WARN_UNDECLARED_SELECTOR = YES;
				GCC_WARN_UNINITIALIZED_AUTOS = YES_AGGRESSIVE;
				GCC_WARN_UNUSED_FUNCTION = YES;
				GCC_WARN_UNUSED_VARIABLE = YES;
				IPHONEOS_DEPLOYMENT_TARGET = 11.3;
				MTL_ENABLE_DEBUG_INFO = NO;
				SDKROOT = iphoneos;
				SWIFT_COMPILATION_MODE = wholemodule;
				SWIFT_OPTIMIZATION_LEVEL = "-O";
				VALIDATE_PRODUCT = YES;
			};
			name = Release;
		};
		6228D47720CA84280031E173 /* Debug */ = {
			isa = XCBuildConfiguration;
			buildSettings = {
				ASSETCATALOG_COMPILER_APPICON_NAME = AppIcon;
				CODE_SIGN_STYLE = Automatic;
				DEVELOPMENT_TEAM = 2K446D59RQ;
				INFOPLIST_FILE = "hairetu_追加課題/Info.plist";
				LD_RUNPATH_SEARCH_PATHS = (
					"$(inherited)",
					"@executable_path/Frameworks",
				);
				PRODUCT_BUNDLE_IDENTIFIER = "com.litech.hairetu-----";
				PRODUCT_NAME = "$(TARGET_NAME)";
				SWIFT_VERSION = 4.0;
				TARGETED_DEVICE_FAMILY = "1,2";
			};
			name = Debug;
		};
		6228D47820CA84280031E173 /* Release */ = {
			isa = XCBuildConfiguration;
			buildSettings = {
				ASSETCATALOG_COMPILER_APPICON_NAME = AppIcon;
				CODE_SIGN_STYLE = Automatic;
				DEVELOPMENT_TEAM = 2K446D59RQ;
				INFOPLIST_FILE = "hairetu_追加課題/Info.plist";
				LD_RUNPATH_SEARCH_PATHS = (
					"$(inherited)",
					"@executable_path/Frameworks",
				);
				PRODUCT_BUNDLE_IDENTIFIER = "com.litech.hairetu-----";
				PRODUCT_NAME = "$(TARGET_NAME)";
				SWIFT_VERSION = 4.0;
				TARGETED_DEVICE_FAMILY = "1,2";
			};
			name = Release;
		};
		6228D47A20CA84280031E173 /* Debug */ = {
			isa = XCBuildConfiguration;
			buildSettings = {
				ALWAYS_EMBED_SWIFT_STANDARD_LIBRARIES = YES;
				BUNDLE_LOADER = "$(TEST_HOST)";
				CODE_SIGN_STYLE = Automatic;
				DEVELOPMENT_TEAM = 2K446D59RQ;
				INFOPLIST_FILE = "hairetu_追加課題Tests/Info.plist";
				LD_RUNPATH_SEARCH_PATHS = (
					"$(inherited)",
					"@executable_path/Frameworks",
					"@loader_path/Frameworks",
				);
				PRODUCT_BUNDLE_IDENTIFIER = "com.litech.hairetu-----Tests";
				PRODUCT_NAME = "$(TARGET_NAME)";
				SWIFT_VERSION = 4.0;
				TARGETED_DEVICE_FAMILY = "1,2";
				TEST_HOST = "$(BUILT_PRODUCTS_DIR)/hairetu_追加課題.app/hairetu_追加課題";
			};
			name = Debug;
		};
		6228D47B20CA84280031E173 /* Release */ = {
			isa = XCBuildConfiguration;
			buildSettings = {
				ALWAYS_EMBED_SWIFT_STANDARD_LIBRARIES = YES;
				BUNDLE_LOADER = "$(TEST_HOST)";
				CODE_SIGN_STYLE = Automatic;
				DEVELOPMENT_TEAM = 2K446D59RQ;
				INFOPLIST_FILE = "hairetu_追加課題Tests/Info.plist";
				LD_RUNPATH_SEARCH_PATHS = (
					"$(inherited)",
					"@executable_path/Frameworks",
					"@loader_path/Frameworks",
				);
				PRODUCT_BUNDLE_IDENTIFIER = "com.litech.hairetu-----Tests";
				PRODUCT_NAME = "$(TARGET_NAME)";
				SWIFT_VERSION = 4.0;
				TARGETED_DEVICE_FAMILY = "1,2";
				TEST_HOST = "$(BUILT_PRODUCTS_DIR)/hairetu_追加課題.app/hairetu_追加課題";
			};
			name = Release;
		};
		6228D47D20CA84280031E173 /* Debug */ = {
			isa = XCBuildConfiguration;
			buildSettings = {
				ALWAYS_EMBED_SWIFT_STANDARD_LIBRARIES = YES;
				CODE_SIGN_STYLE = Automatic;
				DEVELOPMENT_TEAM = 2K446D59RQ;
				INFOPLIST_FILE = "hairetu_追加課題UITests/Info.plist";
				LD_RUNPATH_SEARCH_PATHS = (
					"$(inherited)",
					"@executable_path/Frameworks",
					"@loader_path/Frameworks",
				);
				PRODUCT_BUNDLE_IDENTIFIER = "com.litech.hairetu-----UITests";
				PRODUCT_NAME = "$(TARGET_NAME)";
				SWIFT_VERSION = 4.0;
				TARGETED_DEVICE_FAMILY = "1,2";
				TEST_TARGET_NAME = "hairetu_追加課題";
			};
			name = Debug;
		};
		6228D47E20CA84280031E173 /* Release */ = {
			isa = XCBuildConfiguration;
			buildSettings = {
				ALWAYS_EMBED_SWIFT_STANDARD_LIBRARIES = YES;
				CODE_SIGN_STYLE = Automatic;
				DEVELOPMENT_TEAM = 2K446D59RQ;
				INFOPLIST_FILE = "hairetu_追加課題UITests/Info.plist";
				LD_RUNPATH_SEARCH_PATHS = (
					"$(inherited)",
					"@executable_path/Frameworks",
					"@loader_path/Frameworks",
				);
				PRODUCT_BUNDLE_IDENTIFIER = "com.litech.hairetu-----UITests";
				PRODUCT_NAME = "$(TARGET_NAME)";
				SWIFT_VERSION = 4.0;
				TARGETED_DEVICE_FAMILY = "1,2";
				TEST_TARGET_NAME = "hairetu_追加課題";
			};
			name = Release;
		};
/* End XCBuildConfiguration section */

/* Begin XCConfigurationList section */
		6228D44920CA84200031E173 /* Build configuration list for PBXProject "hairetu_追加課題" */ = {
			isa = XCConfigurationList;
			buildConfigurations = (
				6228D47420CA84280031E173 /* Debug */,
				6228D47520CA84280031E173 /* Release */,
			);
			defaultConfigurationIsVisible = 0;
			defaultConfigurationName = Release;
		};
		6228D47620CA84280031E173 /* Build configuration list for PBXNativeTarget "hairetu_追加課題" */ = {
			isa = XCConfigurationList;
			buildConfigurations = (
				6228D47720CA84280031E173 /* Debug */,
				6228D47820CA84280031E173 /* Release */,
			);
			defaultConfigurationIsVisible = 0;
			defaultConfigurationName = Release;
		};
		6228D47920CA84280031E173 /* Build configuration list for PBXNativeTarget "hairetu_追加課題Tests" */ = {
			isa = XCConfigurationList;
			buildConfigurations = (
				6228D47A20CA84280031E173 /* Debug */,
				6228D47B20CA84280031E173 /* Release */,
			);
			defaultConfigurationIsVisible = 0;
			defaultConfigurationName = Release;
		};
		6228D47C20CA84280031E173 /* Build configuration list for PBXNativeTarget "hairetu_追加課題UITests" */ = {
			isa = XCConfigurationList;
			buildConfigurations = (
				6228D47D20CA84280031E173 /* Debug */,
				6228D47E20CA84280031E173 /* Release */,
			);
			defaultConfigurationIsVisible = 0;
			defaultConfigurationName = Release;
		};
/* End XCConfigurationList section */
	};
	rootObject = 6228D44620CA841F0031E173 /* Project object */;
}
